<?xml version="1.0" encoding="UTF-8" standalone="yes" ?>
<CodeBlocks_project_file>
	<FileVersion major="1" minor="6" />
	<Project>
		<Option title="Klostervania" />
		<Option pch_mode="2" />
		<Option compiler="gcc" />
		<Build>
			<Target title="Debug">
				<Option output="bin/Debug/Klostervania" prefix_auto="1" extension_auto="1" />
				<Option object_output="obj/Debug/" />
				<Option type="1" />
				<Option compiler="gcc" />
				<Compiler>
					<Add option="-g" />
				</Compiler>
			</Target>
			<Target title="Release">
				<Option output="bin/Release/Klostervania" prefix_auto="1" extension_auto="1" />
				<Option object_output="obj/Release/" />
				<Option type="1" />
				<Option compiler="gcc" />
				<Compiler>
					<Add option="-O2" />
				</Compiler>
				<Linker>
					<Add option="-s" />
				</Linker>
			</Target>
		</Build>
		<Compiler>
			<Add option="-Wall" />
			<Add option="-std=c17" />
			<Add option="-DSMFL_STATICS" />
			<Add directory="SFML-2.6.0/include" />
			<Add directory="tileson" />
			<Add directory="tileson/common" />
			<Add directory="tileson/json" />
			<Add directory="tileson/tiled" />
		</Compiler>
		<Linker>
			<Add library="sfml-graphics" />
			<Add library="sfml-audio" />
			<Add library="sfml-window" />
			<Add library="sfml-system" />
			<Add directory="SFML-2.6.0/lib" />
		</Linker>
		<Unit filename="batalla.cpp" />
		<Unit filename="batalla.h">
			<Option target="&lt;{~None~}&gt;" />
		</Unit>
		<Unit filename="boss.cpp" />
		<Unit filename="boss.h">
			<Option target="&lt;{~None~}&gt;" />
		</Unit>
		<Unit filename="enemigo.cpp" />
		<Unit filename="enemigo.h">
			<Option target="&lt;{~None~}&gt;" />
		</Unit>
		<Unit filename="gamePlay.cpp" />
		<Unit filename="gamePlay.h">
			<Option target="&lt;{~None~}&gt;" />
		</Unit>
		<Unit filename="item.cpp" />
		<Unit filename="item.h">
			<Option target="&lt;{~None~}&gt;" />
		</Unit>
		<Unit filename="main.cpp" />
		<Unit filename="menu.cpp" />
		<Unit filename="menu.h">
			<Option target="&lt;{~None~}&gt;" />
		</Unit>
		<Unit filename="paredes.cpp" />
		<Unit filename="paredes.h">
			<Option target="&lt;{~None~}&gt;" />
		</Unit>
		<Unit filename="personaje.cpp" />
		<Unit filename="personaje.h">
			<Option target="&lt;{~None~}&gt;" />
		</Unit>
		<Unit filename="popUpCartel.cpp" />
		<Unit filename="popUpCartel.h">
			<Option target="&lt;{~None~}&gt;" />
		</Unit>
		<Extensions />
	</Project>
</CodeBlocks_project_file>
